
Microsoft Visual Studio Solution File, Format Version 12.00
# Visual Studio Version 17
VisualStudioVersion = 17.10.35004.147
MinimumVisualStudioVersion = 10.0.40219.1
Project("{FAE04EC0-301F-11D3-BF4B-00C04F79EFBC}") = "CSharp_TinhDaySo", "CSharp_TinhDaySo.csproj", "{B89979A7-6453-4A9E-AE57-7C54829A72C1}"
EndProject
Global
	GlobalSection(SolutionConfigurationPlatforms) = preSolution
		Debug|Any CPU = Debug|Any CPU
		Release|Any CPU = Release|Any CPU
	EndGlobalSection
	GlobalSection(ProjectConfigurationPlatforms) = postSolution
		{B89979A7-6453-4A9E-AE57-7C54829A72C1}.Debug|Any CPU.ActiveCfg = Debug|Any CPU
		{B89979A7-6453-4A9E-AE57-7C54829A72C1}.Debug|Any CPU.Build.0 = Debug|Any CPU
		{B89979A7-6453-4A9E-AE57-7C54829A72C1}.Release|Any CPU.ActiveCfg = Release|Any CPU
		{B89979A7-6453-4A9E-AE57-7C54829A72C1}.Release|Any CPU.Build.0 = Release|Any CPU
	EndGlobalSection
	GlobalSection(SolutionProperties) = preSolution
		HideSolutionNode = FALSE
	EndGlobalSection
	GlobalSection(ExtensibilityGlobals) = postSolution
		SolutionGuid = {A11D0369-DEA4-47D1-A168-EAFC0BEF3A8A}
	EndGlobalSection
EndGlobal
